lockfileVersion: '9.0'

settings:
  autoInstallPeers: true
  excludeLinksFromLockfile: false

importers:

  .:
    dependencies:
      node-id3:
        specifier: 0.2.9
        version: 0.2.9

packages:

  iconv-lite@0.6.2:
    resolution: {integrity: sha512-2y91h5OpQlolefMPmUlivelittSWy0rP+oYVpn6A7GwVHNE8AWzoYOBNmlwks3LobaJxgHCYZAnyNo2GgpNRNQ==}
    engines: {node: '>=0.10.0'}

  node-id3@0.2.9:
    resolution: {integrity: sha512-dSxhuxrkkGVRgUhDHFxdY0pilzOREcodO01HcZWfaRkCaPWGmo0dOgD8ygyL6ln4Iv4cmfRxAWn1WD9bIB9Bhw==}

  safer-buffer@2.1.2:
    resolution: {integrity: sha512-YZo3K82SD7Riyi0E1EQPojLz7kpepnSQI9IyPbHHg1XXXevb5dJI7tpyN2ADxGcQbHG7vcyRHk0cbwqcQriUtg==}

snapshots:

  iconv-lite@0.6.2:
    dependencies:
      safer-buffer: 2.1.2

  node-id3@0.2.9:
    dependencies:
      iconv-lite: 0.6.2

  safer-buffer@2.1.2: {}
